// !$*UTF8*$!
{
	archiveVersion = 1;
	classes = {
	};
	objectVersion = 56;
	objects = {

/* Begin PBXBuildFile section */
		FF4E93612BD2FB6400AD990A /* NeoSimApp.swift in Sources */ = {isa = PBXBuildFile; fileRef = FF4E93602BD2FB6400AD990A /* NeoSimApp.swift */; };
		FF4E93632BD2FB6400AD990A /* ContentView.swift in Sources */ = {isa = PBXBuildFile; fileRef = FF4E93622BD2FB6400AD990A /* ContentView.swift */; };
		FF4E93652BD2FB6600AD990A /* Assets.xcassets in Resources */ = {isa = PBXBuildFile; fileRef = FF4E93642BD2FB6600AD990A /* Assets.xcassets */; };
		FF4E93682BD2FB6600AD990A /* Preview Assets.xcassets in Resources */ = {isa = PBXBuildFile; fileRef = FF4E93672BD2FB6600AD990A /* Preview Assets.xcassets */; };
		FF4E93722BD2FB6700AD990A /* NeoSimTests.swift in Sources */ = {isa = PBXBuildFile; fileRef = FF4E93712BD2FB6700AD990A /* NeoSimTests.swift */; };
		FF4E937C2BD2FB6700AD990A /* NeoSimUITests.swift in Sources */ = {isa = PBXBuildFile; fileRef = FF4E937B2BD2FB6700AD990A /* NeoSimUITests.swift */; };
		FF4E937E2BD2FB6700AD990A /* NeoSimUITestsLaunchTests.swift in Sources */ = {isa = PBXBuildFile; fileRef = FF4E937D2BD2FB6700AD990A /* NeoSimUITestsLaunchTests.swift */; };
		FF4E938B2BD4FB6C00AD990A /* .gitignore in Resources */ = {isa = PBXBuildFile; fileRef = FF4E938A2BD4FB6C00AD990A /* .gitignore */; };
		FF4E938E2BD4FC3000AD990A /* FirebaseAnalytics in Frameworks */ = {isa = PBXBuildFile; productRef = FF4E938D2BD4FC3000AD990A /* FirebaseAnalytics */; };
		FF4E93902BD4FC3000AD990A /* FirebaseAuth in Frameworks */ = {isa = PBXBuildFile; productRef = FF4E938F2BD4FC3000AD990A /* FirebaseAuth */; };
		FF4E93922BD4FC3000AD990A /* FirebaseFirestore in Frameworks */ = {isa = PBXBuildFile; productRef = FF4E93912BD4FC3000AD990A /* FirebaseFirestore */; };
		FF4E93942BD4FC3000AD990A /* FirebaseFirestoreSwift in Frameworks */ = {isa = PBXBuildFile; productRef = FF4E93932BD4FC3000AD990A /* FirebaseFirestoreSwift */; };
		FF4E93962BD4FC3000AD990A /* FirebaseFunctions in Frameworks */ = {isa = PBXBuildFile; productRef = FF4E93952BD4FC3000AD990A /* FirebaseFunctions */; };
		FF4E93982BD4FC3000AD990A /* FirebaseMessaging in Frameworks */ = {isa = PBXBuildFile; productRef = FF4E93972BD4FC3000AD990A /* FirebaseMessaging */; };
		FF4E939A2BD4FC3000AD990A /* FirebaseStorage in Frameworks */ = {isa = PBXBuildFile; productRef = FF4E93992BD4FC3000AD990A /* FirebaseStorage */; };
		FF4E939C2BD4FC9400AD990A /* GoogleService-Info.plist in Resources */ = {isa = PBXBuildFile; fileRef = FF4E939B2BD4FC9400AD990A /* GoogleService-Info.plist */; };
		FF4E939E2BD4FCAE00AD990A /* AppDelegate.swift in Sources */ = {isa = PBXBuildFile; fileRef = FF4E939D2BD4FCAE00AD990A /* AppDelegate.swift */; };
		FF4E93A62BD65E9700AD990A /* Introduction.swift in Sources */ = {isa = PBXBuildFile; fileRef = FF4E93A52BD65E9700AD990A /* Introduction.swift */; };
		FF4E93A82BD65FA800AD990A /* IntroductionPage.swift in Sources */ = {isa = PBXBuildFile; fileRef = FF4E93A72BD65FA800AD990A /* IntroductionPage.swift */; };
		FF4E93AA2BD65FF200AD990A /* IntroductionModel.swift in Sources */ = {isa = PBXBuildFile; fileRef = FF4E93A92BD65FF200AD990A /* IntroductionModel.swift */; };
		FF4E93AC2BD6604000AD990A /* PreviewModels.swift in Sources */ = {isa = PBXBuildFile; fileRef = FF4E93AB2BD6604000AD990A /* PreviewModels.swift */; };
		FF4E93AE2BD660B700AD990A /* Credentials.swift in Sources */ = {isa = PBXBuildFile; fileRef = FF4E93AD2BD660B700AD990A /* Credentials.swift */; };
		FF4E93B12BD6611D00AD990A /* SDWebImageSwiftUI in Frameworks */ = {isa = PBXBuildFile; productRef = FF4E93B02BD6611D00AD990A /* SDWebImageSwiftUI */; };
		FF4E93B32BD6613400AD990A /* ImageHelper.swift in Sources */ = {isa = PBXBuildFile; fileRef = FF4E93B22BD6613400AD990A /* ImageHelper.swift */; };
		FF4E93B52BD662A200AD990A /* TextHelper.swift in Sources */ = {isa = PBXBuildFile; fileRef = FF4E93B42BD662A200AD990A /* TextHelper.swift */; };
		FF4E93B72BD662F900AD990A /* Enums.swift in Sources */ = {isa = PBXBuildFile; fileRef = FF4E93B62BD662F900AD990A /* Enums.swift */; };
		FF4E93BD2BD663E400AD990A /* Gilroy-Regular.ttf in Resources */ = {isa = PBXBuildFile; fileRef = FF4E93B92BD663E300AD990A /* Gilroy-Regular.ttf */; };
		FF4E93BE2BD663E400AD990A /* Gilroy-Medium.ttf in Resources */ = {isa = PBXBuildFile; fileRef = FF4E93BA2BD663E300AD990A /* Gilroy-Medium.ttf */; };
		FF4E93BF2BD663E400AD990A /* Gilroy-SemiBold.ttf in Resources */ = {isa = PBXBuildFile; fileRef = FF4E93BB2BD663E400AD990A /* Gilroy-SemiBold.ttf */; };
		FF4E93C02BD663E400AD990A /* Gilroy-Bold.ttf in Resources */ = {isa = PBXBuildFile; fileRef = FF4E93BC2BD663E400AD990A /* Gilroy-Bold.ttf */; };
		FF4E93C32BD6671A00AD990A /* AuthService.swift in Sources */ = {isa = PBXBuildFile; fileRef = FF4E93C22BD6671A00AD990A /* AuthService.swift */; };
		FF4E93C52BD6677A00AD990A /* APIHelper.swift in Sources */ = {isa = PBXBuildFile; fileRef = FF4E93C42BD6677A00AD990A /* APIHelper.swift */; };
		FF4E93C72BD6685100AD990A /* AuthViewModel.swift in Sources */ = {isa = PBXBuildFile; fileRef = FF4E93C62BD6685100AD990A /* AuthViewModel.swift */; };
		FF4E93C92BD668A400AD990A /* AlertViewModel.swift in Sources */ = {isa = PBXBuildFile; fileRef = FF4E93C82BD668A400AD990A /* AlertViewModel.swift */; };
		FF4E93CD2BD66B3C00AD990A /* ButtonHelper.swift in Sources */ = {isa = PBXBuildFile; fileRef = FF4E93CC2BD66B3C00AD990A /* ButtonHelper.swift */; };
		FF4E93D02BD66EB800AD990A /* Localizable.strings in Resources */ = {isa = PBXBuildFile; fileRef = FF4E93CE2BD66EB800AD990A /* Localizable.strings */; };
		FF924CE72BE7830C0026B4B4 /* AccountCell.swift in Sources */ = {isa = PBXBuildFile; fileRef = FF924CE62BE7830C0026B4B4 /* AccountCell.swift */; };
		FF924CE92BE785210026B4B4 /* AccountToggleCell.swift in Sources */ = {isa = PBXBuildFile; fileRef = FF924CE82BE785210026B4B4 /* AccountToggleCell.swift */; };
		FF924CEB2BE78B040026B4B4 /* AccountInfo.swift in Sources */ = {isa = PBXBuildFile; fileRef = FF924CEA2BE78B040026B4B4 /* AccountInfo.swift */; };
		FF9572E62BD7B238006DA640 /* Authentication.swift in Sources */ = {isa = PBXBuildFile; fileRef = FF9572E52BD7B238006DA640 /* Authentication.swift */; };
		FF9572EB2BD7BE30006DA640 /* CountryPicker.swift in Sources */ = {isa = PBXBuildFile; fileRef = FF9572EA2BD7BE30006DA640 /* CountryPicker.swift */; };
		FF9572F62BD7C2DA006DA640 /* CountryNumbers.json in Resources */ = {isa = PBXBuildFile; fileRef = FF9572F52BD7C2DA006DA640 /* CountryNumbers.json */; };
		FF9572F82BD7C2FD006DA640 /* PhoneModel.swift in Sources */ = {isa = PBXBuildFile; fileRef = FF9572F72BD7C2FD006DA640 /* PhoneModel.swift */; };
		FF9572FA2BD7CBA4006DA640 /* ViewPaths.swift in Sources */ = {isa = PBXBuildFile; fileRef = FF9572F92BD7CBA4006DA640 /* ViewPaths.swift */; };
		FF9572FC2BD7CBAC006DA640 /* ViewRouter.swift in Sources */ = {isa = PBXBuildFile; fileRef = FF9572FB2BD7CBAC006DA640 /* ViewRouter.swift */; };
		FF9572FE2BD7D104006DA640 /* OTPTextFieldView.swift in Sources */ = {isa = PBXBuildFile; fileRef = FF9572FD2BD7D104006DA640 /* OTPTextFieldView.swift */; };
		FF9573002BD7D18D006DA640 /* Extensions.swift in Sources */ = {isa = PBXBuildFile; fileRef = FF9572FF2BD7D18D006DA640 /* Extensions.swift */; };
		FF9573022BD7D287006DA640 /* VerifyPhoneNumber.swift in Sources */ = {isa = PBXBuildFile; fileRef = FF9573012BD7D287006DA640 /* VerifyPhoneNumber.swift */; };
		FF9573042BD7D2CD006DA640 /* Loading.swift in Sources */ = {isa = PBXBuildFile; fileRef = FF9573032BD7D2CD006DA640 /* Loading.swift */; };
		FF9573082BD8FF75006DA640 /* MockAuthService.swift in Sources */ = {isa = PBXBuildFile; fileRef = FF9573072BD8FF75006DA640 /* MockAuthService.swift */; };
		FF95730A2BD8FFED006DA640 /* AuthViewModelTests.swift in Sources */ = {isa = PBXBuildFile; fileRef = FF9573092BD8FFED006DA640 /* AuthViewModelTests.swift */; };
		FF95730C2BDA5F97006DA640 /* CustomTabView.swift in Sources */ = {isa = PBXBuildFile; fileRef = FF95730B2BDA5F97006DA640 /* CustomTabView.swift */; };
		FF95730E2BDB9409006DA640 /* MainView.swift in Sources */ = {isa = PBXBuildFile; fileRef = FF95730D2BDB9409006DA640 /* MainView.swift */; };
		FF9573132BDB96AA006DA640 /* Account.swift in Sources */ = {isa = PBXBuildFile; fileRef = FF9573122BDB96AA006DA640 /* Account.swift */; };
		FF9573152BDB96B5006DA640 /* ESims.swift in Sources */ = {isa = PBXBuildFile; fileRef = FF9573142BDB96B5006DA640 /* ESims.swift */; };
		FF9573172BDB96BD006DA640 /* Home.swift in Sources */ = {isa = PBXBuildFile; fileRef = FF9573162BDB96BD006DA640 /* Home.swift */; };
/* End PBXBuildFile section */

/* Begin PBXContainerItemProxy section */
		FF4E936E2BD2FB6700AD990A /* PBXContainerItemProxy */ = {
			isa = PBXContainerItemProxy;
			containerPortal = FF4E93552BD2FB6300AD990A /* Project object */;
			proxyType = 1;
			remoteGlobalIDString = FF4E935C2BD2FB6400AD990A;
			remoteInfo = NeoSim;
		};
		FF4E93782BD2FB6700AD990A /* PBXContainerItemProxy */ = {
			isa = PBXContainerItemProxy;
			containerPortal = FF4E93552BD2FB6300AD990A /* Project object */;
			proxyType = 1;
			remoteGlobalIDString = FF4E935C2BD2FB6400AD990A;
			remoteInfo = NeoSim;
		};
/* End PBXContainerItemProxy section */

/* Begin PBXFileReference section */
		FF4E935D2BD2FB6400AD990A /* NeoSim.app */ = {isa = PBXFileReference; explicitFileType = wrapper.application; includeInIndex = 0; path = NeoSim.app; sourceTree = BUILT_PRODUCTS_DIR; };
		FF4E93602BD2FB6400AD990A /* NeoSimApp.swift */ = {isa = PBXFileReference; lastKnownFileType = sourcecode.swift; path = NeoSimApp.swift; sourceTree = "<group>"; };
		FF4E93622BD2FB6400AD990A /* ContentView.swift */ = {isa = PBXFileReference; lastKnownFileType = sourcecode.swift; path = ContentView.swift; sourceTree = "<group>"; };
		FF4E93642BD2FB6600AD990A /* Assets.xcassets */ = {isa = PBXFileReference; lastKnownFileType = folder.assetcatalog; path = Assets.xcassets; sourceTree = "<group>"; };
		FF4E93672BD2FB6600AD990A /* Preview Assets.xcassets */ = {isa = PBXFileReference; lastKnownFileType = folder.assetcatalog; path = "Preview Assets.xcassets"; sourceTree = "<group>"; };
		FF4E936D2BD2FB6700AD990A /* NeoSimTests.xctest */ = {isa = PBXFileReference; explicitFileType = wrapper.cfbundle; includeInIndex = 0; path = NeoSimTests.xctest; sourceTree = BUILT_PRODUCTS_DIR; };
		FF4E93712BD2FB6700AD990A /* NeoSimTests.swift */ = {isa = PBXFileReference; lastKnownFileType = sourcecode.swift; path = NeoSimTests.swift; sourceTree = "<group>"; };
		FF4E93772BD2FB6700AD990A /* NeoSimUITests.xctest */ = {isa = PBXFileReference; explicitFileType = wrapper.cfbundle; includeInIndex = 0; path = NeoSimUITests.xctest; sourceTree = BUILT_PRODUCTS_DIR; };
		FF4E937B2BD2FB6700AD990A /* NeoSimUITests.swift */ = {isa = PBXFileReference; lastKnownFileType = sourcecode.swift; path = NeoSimUITests.swift; sourceTree = "<group>"; };
		FF4E937D2BD2FB6700AD990A /* NeoSimUITestsLaunchTests.swift */ = {isa = PBXFileReference; lastKnownFileType = sourcecode.swift; path = NeoSimUITestsLaunchTests.swift; sourceTree = "<group>"; };
		FF4E938A2BD4FB6C00AD990A /* .gitignore */ = {isa = PBXFileReference; lastKnownFileType = text; path = .gitignore; sourceTree = "<group>"; };
		FF4E939B2BD4FC9400AD990A /* GoogleService-Info.plist */ = {isa = PBXFileReference; fileEncoding = 4; lastKnownFileType = text.plist.xml; name = "GoogleService-Info.plist"; path = "NeoSim/GoogleService-Info.plist"; sourceTree = SOURCE_ROOT; };
		FF4E939D2BD4FCAE00AD990A /* AppDelegate.swift */ = {isa = PBXFileReference; lastKnownFileType = sourcecode.swift; path = AppDelegate.swift; sourceTree = "<group>"; };
		FF4E93A52BD65E9700AD990A /* Introduction.swift */ = {isa = PBXFileReference; lastKnownFileType = sourcecode.swift; path = Introduction.swift; sourceTree = "<group>"; };
		FF4E93A72BD65FA800AD990A /* IntroductionPage.swift */ = {isa = PBXFileReference; lastKnownFileType = sourcecode.swift; path = IntroductionPage.swift; sourceTree = "<group>"; };
		FF4E93A92BD65FF200AD990A /* IntroductionModel.swift */ = {isa = PBXFileReference; lastKnownFileType = sourcecode.swift; path = IntroductionModel.swift; sourceTree = "<group>"; };
		FF4E93AB2BD6604000AD990A /* PreviewModels.swift */ = {isa = PBXFileReference; lastKnownFileType = sourcecode.swift; path = PreviewModels.swift; sourceTree = "<group>"; };
		FF4E93AD2BD660B700AD990A /* Credentials.swift */ = {isa = PBXFileReference; lastKnownFileType = sourcecode.swift; path = Credentials.swift; sourceTree = "<group>"; };
		FF4E93B22BD6613400AD990A /* ImageHelper.swift */ = {isa = PBXFileReference; lastKnownFileType = sourcecode.swift; path = ImageHelper.swift; sourceTree = "<group>"; };
		FF4E93B42BD662A200AD990A /* TextHelper.swift */ = {isa = PBXFileReference; lastKnownFileType = sourcecode.swift; path = TextHelper.swift; sourceTree = "<group>"; };
		FF4E93B62BD662F900AD990A /* Enums.swift */ = {isa = PBXFileReference; lastKnownFileType = sourcecode.swift; path = Enums.swift; sourceTree = "<group>"; };
		FF4E93B92BD663E300AD990A /* Gilroy-Regular.ttf */ = {isa = PBXFileReference; lastKnownFileType = file; path = "Gilroy-Regular.ttf"; sourceTree = "<group>"; };
		FF4E93BA2BD663E300AD990A /* Gilroy-Medium.ttf */ = {isa = PBXFileReference; lastKnownFileType = file; path = "Gilroy-Medium.ttf"; sourceTree = "<group>"; };
		FF4E93BB2BD663E400AD990A /* Gilroy-SemiBold.ttf */ = {isa = PBXFileReference; lastKnownFileType = file; path = "Gilroy-SemiBold.ttf"; sourceTree = "<group>"; };
		FF4E93BC2BD663E400AD990A /* Gilroy-Bold.ttf */ = {isa = PBXFileReference; lastKnownFileType = file; path = "Gilroy-Bold.ttf"; sourceTree = "<group>"; };
		FF4E93C12BD6642700AD990A /* Info.plist */ = {isa = PBXFileReference; lastKnownFileType = text.plist; path = Info.plist; sourceTree = "<group>"; };
		FF4E93C22BD6671A00AD990A /* AuthService.swift */ = {isa = PBXFileReference; lastKnownFileType = sourcecode.swift; path = AuthService.swift; sourceTree = "<group>"; };
		FF4E93C42BD6677A00AD990A /* APIHelper.swift */ = {isa = PBXFileReference; lastKnownFileType = sourcecode.swift; path = APIHelper.swift; sourceTree = "<group>"; };
		FF4E93C62BD6685100AD990A /* AuthViewModel.swift */ = {isa = PBXFileReference; lastKnownFileType = sourcecode.swift; path = AuthViewModel.swift; sourceTree = "<group>"; };
		FF4E93C82BD668A400AD990A /* AlertViewModel.swift */ = {isa = PBXFileReference; lastKnownFileType = sourcecode.swift; path = AlertViewModel.swift; sourceTree = "<group>"; };
		FF4E93CC2BD66B3C00AD990A /* ButtonHelper.swift */ = {isa = PBXFileReference; lastKnownFileType = sourcecode.swift; path = ButtonHelper.swift; sourceTree = "<group>"; };
		FF4E93CF2BD66EB800AD990A /* en */ = {isa = PBXFileReference; lastKnownFileType = text.plist.strings; name = en; path = en.lproj/Localizable.strings; sourceTree = "<group>"; };
		FF924CE62BE7830C0026B4B4 /* AccountCell.swift */ = {isa = PBXFileReference; lastKnownFileType = sourcecode.swift; path = AccountCell.swift; sourceTree = "<group>"; };
		FF924CE82BE785210026B4B4 /* AccountToggleCell.swift */ = {isa = PBXFileReference; lastKnownFileType = sourcecode.swift; path = AccountToggleCell.swift; sourceTree = "<group>"; };
		FF924CEA2BE78B040026B4B4 /* AccountInfo.swift */ = {isa = PBXFileReference; lastKnownFileType = sourcecode.swift; path = AccountInfo.swift; sourceTree = "<group>"; };
		FF9572E52BD7B238006DA640 /* Authentication.swift */ = {isa = PBXFileReference; lastKnownFileType = sourcecode.swift; path = Authentication.swift; sourceTree = "<group>"; };
		FF9572EA2BD7BE30006DA640 /* CountryPicker.swift */ = {isa = PBXFileReference; lastKnownFileType = sourcecode.swift; path = CountryPicker.swift; sourceTree = "<group>"; };
		FF9572F52BD7C2DA006DA640 /* CountryNumbers.json */ = {isa = PBXFileReference; fileEncoding = 4; lastKnownFileType = text.json; path = CountryNumbers.json; sourceTree = "<group>"; };
		FF9572F72BD7C2FD006DA640 /* PhoneModel.swift */ = {isa = PBXFileReference; lastKnownFileType = sourcecode.swift; path = PhoneModel.swift; sourceTree = "<group>"; };
		FF9572F92BD7CBA4006DA640 /* ViewPaths.swift */ = {isa = PBXFileReference; lastKnownFileType = sourcecode.swift; path = ViewPaths.swift; sourceTree = "<group>"; };
		FF9572FB2BD7CBAC006DA640 /* ViewRouter.swift */ = {isa = PBXFileReference; lastKnownFileType = sourcecode.swift; path = ViewRouter.swift; sourceTree = "<group>"; };
		FF9572FD2BD7D104006DA640 /* OTPTextFieldView.swift */ = {isa = PBXFileReference; lastKnownFileType = sourcecode.swift; path = OTPTextFieldView.swift; sourceTree = "<group>"; };
		FF9572FF2BD7D18D006DA640 /* Extensions.swift */ = {isa = PBXFileReference; lastKnownFileType = sourcecode.swift; path = Extensions.swift; sourceTree = "<group>"; };
		FF9573012BD7D287006DA640 /* VerifyPhoneNumber.swift */ = {isa = PBXFileReference; lastKnownFileType = sourcecode.swift; path = VerifyPhoneNumber.swift; sourceTree = "<group>"; };
		FF9573032BD7D2CD006DA640 /* Loading.swift */ = {isa = PBXFileReference; lastKnownFileType = sourcecode.swift; path = Loading.swift; sourceTree = "<group>"; };
		FF9573072BD8FF75006DA640 /* MockAuthService.swift */ = {isa = PBXFileReference; lastKnownFileType = sourcecode.swift; path = MockAuthService.swift; sourceTree = "<group>"; };
		FF9573092BD8FFED006DA640 /* AuthViewModelTests.swift */ = {isa = PBXFileReference; lastKnownFileType = sourcecode.swift; path = AuthViewModelTests.swift; sourceTree = "<group>"; };
		FF95730B2BDA5F97006DA640 /* CustomTabView.swift */ = {isa = PBXFileReference; lastKnownFileType = sourcecode.swift; path = CustomTabView.swift; sourceTree = "<group>"; };
		FF95730D2BDB9409006DA640 /* MainView.swift */ = {isa = PBXFileReference; lastKnownFileType = sourcecode.swift; path = MainView.swift; sourceTree = "<group>"; };
		FF9573122BDB96AA006DA640 /* Account.swift */ = {isa = PBXFileReference; lastKnownFileType = sourcecode.swift; path = Account.swift; sourceTree = "<group>"; };
		FF9573142BDB96B5006DA640 /* ESims.swift */ = {isa = PBXFileReference; lastKnownFileType = sourcecode.swift; path = ESims.swift; sourceTree = "<group>"; };
		FF9573162BDB96BD006DA640 /* Home.swift */ = {isa = PBXFileReference; lastKnownFileType = sourcecode.swift; path = Home.swift; sourceTree = "<group>"; };
/* End PBXFileReference section */

/* Begin PBXFrameworksBuildPhase section */
		FF4E935A2BD2FB6400AD990A /* Frameworks */ = {
			isa = PBXFrameworksBuildPhase;
			buildActionMask = 2147483647;
			files = (
				FF4E93982BD4FC3000AD990A /* FirebaseMessaging in Frameworks */,
				FF4E938E2BD4FC3000AD990A /* FirebaseAnalytics in Frameworks */,
				FF4E93902BD4FC3000AD990A /* FirebaseAuth in Frameworks */,
				FF4E93962BD4FC3000AD990A /* FirebaseFunctions in Frameworks */,
				FF4E93B12BD6611D00AD990A /* SDWebImageSwiftUI in Frameworks */,
				FF4E939A2BD4FC3000AD990A /* FirebaseStorage in Frameworks */,
				FF4E93922BD4FC3000AD990A /* FirebaseFirestore in Frameworks */,
				FF4E93942BD4FC3000AD990A /* FirebaseFirestoreSwift in Frameworks */,
			);
			runOnlyForDeploymentPostprocessing = 0;
		};
		FF4E936A2BD2FB6700AD990A /* Frameworks */ = {
			isa = PBXFrameworksBuildPhase;
			buildActionMask = 2147483647;
			files = (
			);
			runOnlyForDeploymentPostprocessing = 0;
		};
		FF4E93742BD2FB6700AD990A /* Frameworks */ = {
			isa = PBXFrameworksBuildPhase;
			buildActionMask = 2147483647;
			files = (
			);
			runOnlyForDeploymentPostprocessing = 0;
		};
/* End PBXFrameworksBuildPhase section */

/* Begin PBXGroup section */
		FF4E93542BD2FB6300AD990A = {
			isa = PBXGroup;
			children = (
				FF4E938A2BD4FB6C00AD990A /* .gitignore */,
				FF4E935F2BD2FB6400AD990A /* NeoSim */,
				FF4E93702BD2FB6700AD990A /* NeoSimTests */,
				FF4E937A2BD2FB6700AD990A /* NeoSimUITests */,
				FF4E935E2BD2FB6400AD990A /* Products */,
			);
			sourceTree = "<group>";
		};
		FF4E935E2BD2FB6400AD990A /* Products */ = {
			isa = PBXGroup;
			children = (
				FF4E935D2BD2FB6400AD990A /* NeoSim.app */,
				FF4E936D2BD2FB6700AD990A /* NeoSimTests.xctest */,
				FF4E93772BD2FB6700AD990A /* NeoSimUITests.xctest */,
			);
			name = Products;
			sourceTree = "<group>";
		};
		FF4E935F2BD2FB6400AD990A /* NeoSim */ = {
			isa = PBXGroup;
			children = (
				FF4E93C12BD6642700AD990A /* Info.plist */,
				FF9572F52BD7C2DA006DA640 /* CountryNumbers.json */,
				FF4E93B82BD663D700AD990A /* font */,
				FF4E93A32BD65E5100AD990A /* Models */,
				FF4E93A22BD65E4900AD990A /* Services */,
				FF4E93A12BD65E4400AD990A /* ViewModels */,
				FF4E93A02BD65E3F00AD990A /* Views */,
				FF4E939F2BD65E3900AD990A /* Utils */,
				FF4E93602BD2FB6400AD990A /* NeoSimApp.swift */,
				FF4E93622BD2FB6400AD990A /* ContentView.swift */,
				FF4E93642BD2FB6600AD990A /* Assets.xcassets */,
				FF4E939B2BD4FC9400AD990A /* GoogleService-Info.plist */,
				FF4E93662BD2FB6600AD990A /* Preview Content */,
				FF4E939D2BD4FCAE00AD990A /* AppDelegate.swift */,
				FF4E93AD2BD660B700AD990A /* Credentials.swift */,
				FF4E93CE2BD66EB800AD990A /* Localizable.strings */,
			);
			path = NeoSim;
			sourceTree = "<group>";
		};
		FF4E93662BD2FB6600AD990A /* Preview Content */ = {
			isa = PBXGroup;
			children = (
				FF4E93672BD2FB6600AD990A /* Preview Assets.xcassets */,
			);
			path = "Preview Content";
			sourceTree = "<group>";
		};
		FF4E93702BD2FB6700AD990A /* NeoSimTests */ = {
			isa = PBXGroup;
			children = (
				FF9573062BD8FF69006DA640 /* Services */,
				FF9573052BD8FF60006DA640 /* ViewModels */,
				FF4E93712BD2FB6700AD990A /* NeoSimTests.swift */,
			);
			path = NeoSimTests;
			sourceTree = "<group>";
		};
		FF4E937A2BD2FB6700AD990A /* NeoSimUITests */ = {
			isa = PBXGroup;
			children = (
				FF4E937B2BD2FB6700AD990A /* NeoSimUITests.swift */,
				FF4E937D2BD2FB6700AD990A /* NeoSimUITestsLaunchTests.swift */,
			);
			path = NeoSimUITests;
			sourceTree = "<group>";
		};
		FF4E939F2BD65E3900AD990A /* Utils */ = {
			isa = PBXGroup;
			children = (
				FF4E93AB2BD6604000AD990A /* PreviewModels.swift */,
				FF4E93B22BD6613400AD990A /* ImageHelper.swift */,
				FF4E93B42BD662A200AD990A /* TextHelper.swift */,
				FF4E93B62BD662F900AD990A /* Enums.swift */,
				FF4E93CC2BD66B3C00AD990A /* ButtonHelper.swift */,
				FF9572F92BD7CBA4006DA640 /* ViewPaths.swift */,
				FF9572FF2BD7D18D006DA640 /* Extensions.swift */,
				FF9573032BD7D2CD006DA640 /* Loading.swift */,
			);
			path = Utils;
			sourceTree = "<group>";
		};
		FF4E93A02BD65E3F00AD990A /* Views */ = {
			isa = PBXGroup;
			children = (
				FF9573112BDB969F006DA640 /* Account */,
				FF9573102BDB9697006DA640 /* eSims */,
				FF95730F2BDB9691006DA640 /* Home */,
				FF4E93A42BD65E8700AD990A /* Authentication */,
				FF95730B2BDA5F97006DA640 /* CustomTabView.swift */,
				FF95730D2BDB9409006DA640 /* MainView.swift */,
			);
			path = Views;
			sourceTree = "<group>";
		};
		FF4E93A12BD65E4400AD990A /* ViewModels */ = {
			isa = PBXGroup;
			children = (
				FF4E93C82BD668A400AD990A /* AlertViewModel.swift */,
				FF4E93C62BD6685100AD990A /* AuthViewModel.swift */,
				FF9572FB2BD7CBAC006DA640 /* ViewRouter.swift */,
			);
			path = ViewModels;
			sourceTree = "<group>";
		};
		FF4E93A22BD65E4900AD990A /* Services */ = {
			isa = PBXGroup;
			children = (
				FF4E93C42BD6677A00AD990A /* APIHelper.swift */,
				FF4E93C22BD6671A00AD990A /* AuthService.swift */,
			);
			path = Services;
			sourceTree = "<group>";
		};
		FF4E93A32BD65E5100AD990A /* Models */ = {
			isa = PBXGroup;
			children = (
				FF4E93A92BD65FF200AD990A /* IntroductionModel.swift */,
				FF9572F72BD7C2FD006DA640 /* PhoneModel.swift */,
			);
			path = Models;
			sourceTree = "<group>";
		};
		FF4E93A42BD65E8700AD990A /* Authentication */ = {
			isa = PBXGroup;
			children = (
				FF4E93A52BD65E9700AD990A /* Introduction.swift */,
				FF4E93A72BD65FA800AD990A /* IntroductionPage.swift */,
				FF9572E52BD7B238006DA640 /* Authentication.swift */,
				FF9572EA2BD7BE30006DA640 /* CountryPicker.swift */,
				FF9572FD2BD7D104006DA640 /* OTPTextFieldView.swift */,
				FF9573012BD7D287006DA640 /* VerifyPhoneNumber.swift */,
			);
			path = Authentication;
			sourceTree = "<group>";
		};
		FF4E93B82BD663D700AD990A /* font */ = {
			isa = PBXGroup;
			children = (
				FF4E93BC2BD663E400AD990A /* Gilroy-Bold.ttf */,
				FF4E93BA2BD663E300AD990A /* Gilroy-Medium.ttf */,
				FF4E93B92BD663E300AD990A /* Gilroy-Regular.ttf */,
				FF4E93BB2BD663E400AD990A /* Gilroy-SemiBold.ttf */,
			);
			path = font;
			sourceTree = "<group>";
		};
		FF9573052BD8FF60006DA640 /* ViewModels */ = {
			isa = PBXGroup;
			children = (
				FF9573092BD8FFED006DA640 /* AuthViewModelTests.swift */,
			);
			path = ViewModels;
			sourceTree = "<group>";
		};
		FF9573062BD8FF69006DA640 /* Services */ = {
			isa = PBXGroup;
			children = (
				FF9573072BD8FF75006DA640 /* MockAuthService.swift */,
			);
			path = Services;
			sourceTree = "<group>";
		};
		FF95730F2BDB9691006DA640 /* Home */ = {
			isa = PBXGroup;
			children = (
				FF9573162BDB96BD006DA640 /* Home.swift */,
			);
			path = Home;
			sourceTree = "<group>";
		};
		FF9573102BDB9697006DA640 /* eSims */ = {
			isa = PBXGroup;
			children = (
				FF9573142BDB96B5006DA640 /* ESims.swift */,
			);
			path = eSims;
			sourceTree = "<group>";
		};
		FF9573112BDB969F006DA640 /* Account */ = {
			isa = PBXGroup;
			children = (
				FF9573122BDB96AA006DA640 /* Account.swift */,
				FF924CE62BE7830C0026B4B4 /* AccountCell.swift */,
				FF924CE82BE785210026B4B4 /* AccountToggleCell.swift */,
				FF924CEA2BE78B040026B4B4 /* AccountInfo.swift */,
			);
			path = Account;
			sourceTree = "<group>";
		};
/* End PBXGroup section */

/* Begin PBXNativeTarget section */
		FF4E935C2BD2FB6400AD990A /* NeoSim */ = {
			isa = PBXNativeTarget;
			buildConfigurationList = FF4E93812BD2FB6700AD990A /* Build configuration list for PBXNativeTarget "NeoSim" */;
			buildPhases = (
				FF4E93592BD2FB6400AD990A /* Sources */,
				FF4E935A2BD2FB6400AD990A /* Frameworks */,
				FF4E935B2BD2FB6400AD990A /* Resources */,
			);
			buildRules = (
			);
			dependencies = (
			);
			name = NeoSim;
			packageProductDependencies = (
				FF4E938D2BD4FC3000AD990A /* FirebaseAnalytics */,
				FF4E938F2BD4FC3000AD990A /* FirebaseAuth */,
				FF4E93912BD4FC3000AD990A /* FirebaseFirestore */,
				FF4E93932BD4FC3000AD990A /* FirebaseFirestoreSwift */,
				FF4E93952BD4FC3000AD990A /* FirebaseFunctions */,
				FF4E93972BD4FC3000AD990A /* FirebaseMessaging */,
				FF4E93992BD4FC3000AD990A /* FirebaseStorage */,
				FF4E93B02BD6611D00AD990A /* SDWebImageSwiftUI */,
			);
			productName = NeoSim;
			productReference = FF4E935D2BD2FB6400AD990A /* NeoSim.app */;
			productType = "com.apple.product-type.application";
		};
		FF4E936C2BD2FB6700AD990A /* NeoSimTests */ = {
			isa = PBXNativeTarget;
			buildConfigurationList = FF4E93842BD2FB6700AD990A /* Build configuration list for PBXNativeTarget "NeoSimTests" */;
			buildPhases = (
				FF4E93692BD2FB6700AD990A /* Sources */,
				FF4E936A2BD2FB6700AD990A /* Frameworks */,
				FF4E936B2BD2FB6700AD990A /* Resources */,
			);
			buildRules = (
			);
			dependencies = (
				FF4E936F2BD2FB6700AD990A /* PBXTargetDependency */,
			);
			name = NeoSimTests;
			productName = NeoSimTests;
			productReference = FF4E936D2BD2FB6700AD990A /* NeoSimTests.xctest */;
			productType = "com.apple.product-type.bundle.unit-test";
		};
		FF4E93762BD2FB6700AD990A /* NeoSimUITests */ = {
			isa = PBXNativeTarget;
			buildConfigurationList = FF4E93872BD2FB6700AD990A /* Build configuration list for PBXNativeTarget "NeoSimUITests" */;
			buildPhases = (
				FF4E93732BD2FB6700AD990A /* Sources */,
				FF4E93742BD2FB6700AD990A /* Frameworks */,
				FF4E93752BD2FB6700AD990A /* Resources */,
			);
			buildRules = (
			);
			dependencies = (
				FF4E93792BD2FB6700AD990A /* PBXTargetDependency */,
			);
			name = NeoSimUITests;
			productName = NeoSimUITests;
			productReference = FF4E93772BD2FB6700AD990A /* NeoSimUITests.xctest */;
			productType = "com.apple.product-type.bundle.ui-testing";
		};
/* End PBXNativeTarget section */

/* Begin PBXProject section */
		FF4E93552BD2FB6300AD990A /* Project object */ = {
			isa = PBXProject;
			attributes = {
				BuildIndependentTargetsInParallel = 1;
				LastSwiftUpdateCheck = 1530;
				LastUpgradeCheck = 1530;
				TargetAttributes = {
					FF4E935C2BD2FB6400AD990A = {
						CreatedOnToolsVersion = 15.3;
					};
					FF4E936C2BD2FB6700AD990A = {
						CreatedOnToolsVersion = 15.3;
						TestTargetID = FF4E935C2BD2FB6400AD990A;
					};
					FF4E93762BD2FB6700AD990A = {
						CreatedOnToolsVersion = 15.3;
						TestTargetID = FF4E935C2BD2FB6400AD990A;
					};
				};
			};
			buildConfigurationList = FF4E93582BD2FB6300AD990A /* Build configuration list for PBXProject "NeoSim" */;
			compatibilityVersion = "Xcode 14.0";
			developmentRegion = en;
			hasScannedForEncodings = 0;
			knownRegions = (
				en,
				Base,
			);
			mainGroup = FF4E93542BD2FB6300AD990A;
			packageReferences = (
				FF4E938C2BD4FC3000AD990A /* XCRemoteSwiftPackageReference "firebase-ios-sdk" */,
				FF4E93AF2BD6611D00AD990A /* XCRemoteSwiftPackageReference "SDWebImageSwiftUI" */,
			);
			productRefGroup = FF4E935E2BD2FB6400AD990A /* Products */;
			projectDirPath = "";
			projectRoot = "";
			targets = (
				FF4E935C2BD2FB6400AD990A /* NeoSim */,
				FF4E936C2BD2FB6700AD990A /* NeoSimTests */,
				FF4E93762BD2FB6700AD990A /* NeoSimUITests */,
			);
		};
/* End PBXProject section */

/* Begin PBXResourcesBuildPhase section */
		FF4E935B2BD2FB6400AD990A /* Resources */ = {
			isa = PBXResourcesBuildPhase;
			buildActionMask = 2147483647;
			files = (
				FF4E93BD2BD663E400AD990A /* Gilroy-Regular.ttf in Resources */,
				FF9572F62BD7C2DA006DA640 /* CountryNumbers.json in Resources */,
				FF4E93BE2BD663E400AD990A /* Gilroy-Medium.ttf in Resources */,
				FF4E93682BD2FB6600AD990A /* Preview Assets.xcassets in Resources */,
				FF4E939C2BD4FC9400AD990A /* GoogleService-Info.plist in Resources */,
				FF4E93D02BD66EB800AD990A /* Localizable.strings in Resources */,
				FF4E93BF2BD663E400AD990A /* Gilroy-SemiBold.ttf in Resources */,
				FF4E938B2BD4FB6C00AD990A /* .gitignore in Resources */,
				FF4E93652BD2FB6600AD990A /* Assets.xcassets in Resources */,
				FF4E93C02BD663E400AD990A /* Gilroy-Bold.ttf in Resources */,
			);
			runOnlyForDeploymentPostprocessing = 0;
		};
		FF4E936B2BD2FB6700AD990A /* Resources */ = {
			isa = PBXResourcesBuildPhase;
			buildActionMask = 2147483647;
			files = (
			);
			runOnlyForDeploymentPostprocessing = 0;
		};
		FF4E93752BD2FB6700AD990A /* Resources */ = {
			isa = PBXResourcesBuildPhase;
			buildActionMask = 2147483647;
			files = (
			);
			runOnlyForDeploymentPostprocessing = 0;
		};
/* End PBXResourcesBuildPhase section */

/* Begin PBXSourcesBuildPhase section */
		FF4E93592BD2FB6400AD990A /* Sources */ = {
			isa = PBXSourcesBuildPhase;
			buildActionMask = 2147483647;
			files = (
				FF9573002BD7D18D006DA640 /* Extensions.swift in Sources */,
				FF924CE92BE785210026B4B4 /* AccountToggleCell.swift in Sources */,
				FF4E939E2BD4FCAE00AD990A /* AppDelegate.swift in Sources */,
				FF9573022BD7D287006DA640 /* VerifyPhoneNumber.swift in Sources */,
				FF4E93632BD2FB6400AD990A /* ContentView.swift in Sources */,
				FF4E93B52BD662A200AD990A /* TextHelper.swift in Sources */,
				FF95730C2BDA5F97006DA640 /* CustomTabView.swift in Sources */,
				FF4E93C92BD668A400AD990A /* AlertViewModel.swift in Sources */,
				FF9572F82BD7C2FD006DA640 /* PhoneModel.swift in Sources */,
				FF4E93C32BD6671A00AD990A /* AuthService.swift in Sources */,
				FF4E93B32BD6613400AD990A /* ImageHelper.swift in Sources */,
				FF4E93AE2BD660B700AD990A /* Credentials.swift in Sources */,
				FF4E93A82BD65FA800AD990A /* IntroductionPage.swift in Sources */,
				FF9572E62BD7B238006DA640 /* Authentication.swift in Sources */,
				FF9573132BDB96AA006DA640 /* Account.swift in Sources */,
				FF9573042BD7D2CD006DA640 /* Loading.swift in Sources */,
				FF4E93AA2BD65FF200AD990A /* IntroductionModel.swift in Sources */,
				FF4E93CD2BD66B3C00AD990A /* ButtonHelper.swift in Sources */,
				FF4E93AC2BD6604000AD990A /* PreviewModels.swift in Sources */,
				FF924CE72BE7830C0026B4B4 /* AccountCell.swift in Sources */,
				FF9572FA2BD7CBA4006DA640 /* ViewPaths.swift in Sources */,
				FF4E93612BD2FB6400AD990A /* NeoSimApp.swift in Sources */,
				FF9573152BDB96B5006DA640 /* ESims.swift in Sources */,
				FF95730E2BDB9409006DA640 /* MainView.swift in Sources */,
				FF9573172BDB96BD006DA640 /* Home.swift in Sources */,
				FF9572FC2BD7CBAC006DA640 /* ViewRouter.swift in Sources */,
				FF4E93C72BD6685100AD990A /* AuthViewModel.swift in Sources */,
				FF4E93C52BD6677A00AD990A /* APIHelper.swift in Sources */,
				FF4E93A62BD65E9700AD990A /* Introduction.swift in Sources */,
				FF924CEB2BE78B040026B4B4 /* AccountInfo.swift in Sources */,
				FF9572EB2BD7BE30006DA640 /* CountryPicker.swift in Sources */,
				FF9572FE2BD7D104006DA640 /* OTPTextFieldView.swift in Sources */,
				FF4E93B72BD662F900AD990A /* Enums.swift in Sources */,
			);
			runOnlyForDeploymentPostprocessing = 0;
		};
		FF4E93692BD2FB6700AD990A /* Sources */ = {
			isa = PBXSourcesBuildPhase;
			buildActionMask = 2147483647;
			files = (
				FF4E93722BD2FB6700AD990A /* NeoSimTests.swift in Sources */,
				FF9573082BD8FF75006DA640 /* MockAuthService.swift in Sources */,
				FF95730A2BD8FFED006DA640 /* AuthViewModelTests.swift in Sources */,
			);
			runOnlyForDeploymentPostprocessing = 0;
		};
		FF4E93732BD2FB6700AD990A /* Sources */ = {
			isa = PBXSourcesBuildPhase;
			buildActionMask = 2147483647;
			files = (
				FF4E937C2BD2FB6700AD990A /* NeoSimUITests.swift in Sources */,
				FF4E937E2BD2FB6700AD990A /* NeoSimUITestsLaunchTests.swift in Sources */,
			);
			runOnlyForDeploymentPostprocessing = 0;
		};
/* End PBXSourcesBuildPhase section */

/* Begin PBXTargetDependency section */
		FF4E936F2BD2FB6700AD990A /* PBXTargetDependency */ = {
			isa = PBXTargetDependency;
			target = FF4E935C2BD2FB6400AD990A /* NeoSim */;
			targetProxy = FF4E936E2BD2FB6700AD990A /* PBXContainerItemProxy */;
		};
		FF4E93792BD2FB6700AD990A /* PBXTargetDependency */ = {
			isa = PBXTargetDependency;
			target = FF4E935C2BD2FB6400AD990A /* NeoSim */;
			targetProxy = FF4E93782BD2FB6700AD990A /* PBXContainerItemProxy */;
		};
/* End PBXTargetDependency section */

/* Begin PBXVariantGroup section */
		FF4E93CE2BD66EB800AD990A /* Localizable.strings */ = {
			isa = PBXVariantGroup;
			children = (
				FF4E93CF2BD66EB800AD990A /* en */,
			);
			name = Localizable.strings;
			sourceTree = "<group>";
		};
/* End PBXVariantGroup section */

/* Begin XCBuildConfiguration section */
		FF4E937F2BD2FB6700AD990A /* Debug */ = {
			isa = XCBuildConfiguration;
			buildSettings = {
				ALWAYS_SEARCH_USER_PATHS = NO;
				ASSETCATALOG_COMPILER_GENERATE_SWIFT_ASSET_SYMBOL_EXTENSIONS = YES;
				CLANG_ANALYZER_NONNULL = YES;
				CLANG_ANALYZER_NUMBER_OBJECT_CONVERSION = YES_AGGRESSIVE;
				CLANG_CXX_LANGUAGE_STANDARD = "gnu++20";
				CLANG_ENABLE_MODULES = YES;
				CLANG_ENABLE_OBJC_ARC = YES;
				CLANG_ENABLE_OBJC_WEAK = YES;
				CLANG_WARN_BLOCK_CAPTURE_AUTORELEASING = YES;
				CLANG_WARN_BOOL_CONVERSION = YES;
				CLANG_WARN_COMMA = YES;
				CLANG_WARN_CONSTANT_CONVERSION = YES;
				CLANG_WARN_DEPRECATED_OBJC_IMPLEMENTATIONS = YES;
				CLANG_WARN_DIRECT_OBJC_ISA_USAGE = YES_ERROR;
				CLANG_WARN_DOCUMENTATION_COMMENTS = YES;
				CLANG_WARN_EMPTY_BODY = YES;
				CLANG_WARN_ENUM_CONVERSION = YES;
				CLANG_WARN_INFINITE_RECURSION = YES;
				CLANG_WARN_INT_CONVERSION = YES;
				CLANG_WARN_NON_LITERAL_NULL_CONVERSION = YES;
				CLANG_WARN_OBJC_IMPLICIT_RETAIN_SELF = YES;
				CLANG_WARN_OBJC_LITERAL_CONVERSION = YES;
				CLANG_WARN_OBJC_ROOT_CLASS = YES_ERROR;
				CLANG_WARN_QUOTED_INCLUDE_IN_FRAMEWORK_HEADER = YES;
				CLANG_WARN_RANGE_LOOP_ANALYSIS = YES;
				CLANG_WARN_STRICT_PROTOTYPES = YES;
				CLANG_WARN_SUSPICIOUS_MOVE = YES;
				CLANG_WARN_UNGUARDED_AVAILABILITY = YES_AGGRESSIVE;
				CLANG_WARN_UNREACHABLE_CODE = YES;
				CLANG_WARN__DUPLICATE_METHOD_MATCH = YES;
				COPY_PHASE_STRIP = NO;
				DEBUG_INFORMATION_FORMAT = dwarf;
				ENABLE_STRICT_OBJC_MSGSEND = YES;
				ENABLE_TESTABILITY = YES;
				ENABLE_USER_SCRIPT_SANDBOXING = YES;
				GCC_C_LANGUAGE_STANDARD = gnu17;
				GCC_DYNAMIC_NO_PIC = NO;
				GCC_NO_COMMON_BLOCKS = YES;
				GCC_OPTIMIZATION_LEVEL = 0;
				GCC_PREPROCESSOR_DEFINITIONS = (
					"DEBUG=1",
					"$(inherited)",
				);
				GCC_WARN_64_TO_32_BIT_CONVERSION = YES;
				GCC_WARN_ABOUT_RETURN_TYPE = YES_ERROR;
				GCC_WARN_UNDECLARED_SELECTOR = YES;
				GCC_WARN_UNINITIALIZED_AUTOS = YES_AGGRESSIVE;
				GCC_WARN_UNUSED_FUNCTION = YES;
				GCC_WARN_UNUSED_VARIABLE = YES;
				IPHONEOS_DEPLOYMENT_TARGET = 17.4;
				LOCALIZATION_PREFERS_STRING_CATALOGS = YES;
				MTL_ENABLE_DEBUG_INFO = INCLUDE_SOURCE;
				MTL_FAST_MATH = YES;
				ONLY_ACTIVE_ARCH = YES;
				SDKROOT = iphoneos;
				SWIFT_ACTIVE_COMPILATION_CONDITIONS = "DEBUG $(inherited)";
				SWIFT_OPTIMIZATION_LEVEL = "-Onone";
			};
			name = Debug;
		};
		FF4E93802BD2FB6700AD990A /* Release */ = {
			isa = XCBuildConfiguration;
			buildSettings = {
				ALWAYS_SEARCH_USER_PATHS = NO;
				ASSETCATALOG_COMPILER_GENERATE_SWIFT_ASSET_SYMBOL_EXTENSIONS = YES;
				CLANG_ANALYZER_NONNULL = YES;
				CLANG_ANALYZER_NUMBER_OBJECT_CONVERSION = YES_AGGRESSIVE;
				CLANG_CXX_LANGUAGE_STANDARD = "gnu++20";
				CLANG_ENABLE_MODULES = YES;
				CLANG_ENABLE_OBJC_ARC = YES;
				CLANG_ENABLE_OBJC_WEAK = YES;
				CLANG_WARN_BLOCK_CAPTURE_AUTORELEASING = YES;
				CLANG_WARN_BOOL_CONVERSION = YES;
				CLANG_WARN_COMMA = YES;
				CLANG_WARN_CONSTANT_CONVERSION = YES;
				CLANG_WARN_DEPRECATED_OBJC_IMPLEMENTATIONS = YES;
				CLANG_WARN_DIRECT_OBJC_ISA_USAGE = YES_ERROR;
				CLANG_WARN_DOCUMENTATION_COMMENTS = YES;
				CLANG_WARN_EMPTY_BODY = YES;
				CLANG_WARN_ENUM_CONVERSION = YES;
				CLANG_WARN_INFINITE_RECURSION = YES;
				CLANG_WARN_INT_CONVERSION = YES;
				CLANG_WARN_NON_LITERAL_NULL_CONVERSION = YES;
				CLANG_WARN_OBJC_IMPLICIT_RETAIN_SELF = YES;
				CLANG_WARN_OBJC_LITERAL_CONVERSION = YES;
				CLANG_WARN_OBJC_ROOT_CLASS = YES_ERROR;
				CLANG_WARN_QUOTED_INCLUDE_IN_FRAMEWORK_HEADER = YES;
				CLANG_WARN_RANGE_LOOP_ANALYSIS = YES;
				CLANG_WARN_STRICT_PROTOTYPES = YES;
				CLANG_WARN_SUSPICIOUS_MOVE = YES;
				CLANG_WARN_UNGUARDED_AVAILABILITY = YES_AGGRESSIVE;
				CLANG_WARN_UNREACHABLE_CODE = YES;
				CLANG_WARN__DUPLICATE_METHOD_MATCH = YES;
				COPY_PHASE_STRIP = NO;
				DEBUG_INFORMATION_FORMAT = "dwarf-with-dsym";
				ENABLE_NS_ASSERTIONS = NO;
				ENABLE_STRICT_OBJC_MSGSEND = YES;
				ENABLE_USER_SCRIPT_SANDBOXING = YES;
				GCC_C_LANGUAGE_STANDARD = gnu17;
				GCC_NO_COMMON_BLOCKS = YES;
				GCC_WARN_64_TO_32_BIT_CONVERSION = YES;
				GCC_WARN_ABOUT_RETURN_TYPE = YES_ERROR;
				GCC_WARN_UNDECLARED_SELECTOR = YES;
				GCC_WARN_UNINITIALIZED_AUTOS = YES_AGGRESSIVE;
				GCC_WARN_UNUSED_FUNCTION = YES;
				GCC_WARN_UNUSED_VARIABLE = YES;
				IPHONEOS_DEPLOYMENT_TARGET = 17.4;
				LOCALIZATION_PREFERS_STRING_CATALOGS = YES;
				MTL_ENABLE_DEBUG_INFO = NO;
				MTL_FAST_MATH = YES;
				SDKROOT = iphoneos;
				SWIFT_COMPILATION_MODE = wholemodule;
				VALIDATE_PRODUCT = YES;
			};
			name = Release;
		};
		FF4E93822BD2FB6700AD990A /* Debug */ = {
			isa = XCBuildConfiguration;
			buildSettings = {
				ASSETCATALOG_COMPILER_APPICON_NAME = AppIcon;
				ASSETCATALOG_COMPILER_GLOBAL_ACCENT_COLOR_NAME = AccentColor;
				CODE_SIGN_STYLE = Automatic;
				CURRENT_PROJECT_VERSION = 1;
				DEVELOPMENT_ASSET_PATHS = "\"NeoSim/Preview Content\"";
				DEVELOPMENT_TEAM = Z9LZT27D3M;
				ENABLE_PREVIEWS = YES;
				GENERATE_INFOPLIST_FILE = YES;
				INFOPLIST_FILE = NeoSim/Info.plist;
				INFOPLIST_KEY_CFBundleDisplayName = NeoSim;
				INFOPLIST_KEY_UIApplicationSceneManifest_Generation = YES;
				INFOPLIST_KEY_UIApplicationSupportsIndirectInputEvents = YES;
				INFOPLIST_KEY_UILaunchScreen_Generation = YES;
				INFOPLIST_KEY_UIRequiresFullScreen = YES;
				INFOPLIST_KEY_UISupportedInterfaceOrientations = UIInterfaceOrientationPortrait;
				IPHONEOS_DEPLOYMENT_TARGET = 17.0;
				LD_RUNPATH_SEARCH_PATHS = (
					"$(inherited)",
					"@executable_path/Frameworks",
				);
				MARKETING_VERSION = 1.0;
				PRODUCT_BUNDLE_IDENTIFIER = com.xpn.development.NeoSim;
				PRODUCT_NAME = "$(TARGET_NAME)";
				SUPPORTED_PLATFORMS = "iphoneos iphonesimulator";
				SUPPORTS_MACCATALYST = NO;
				SUPPORTS_MAC_DESIGNED_FOR_IPHONE_IPAD = NO;
				SUPPORTS_XR_DESIGNED_FOR_IPHONE_IPAD = NO;
				SWIFT_EMIT_LOC_STRINGS = YES;
				SWIFT_VERSION = 5.0;
				TARGETED_DEVICE_FAMILY = 1;
			};
			name = Debug;
		};
		FF4E93832BD2FB6700AD990A /* Release */ = {
			isa = XCBuildConfiguration;
			buildSettings = {
				ASSETCATALOG_COMPILER_APPICON_NAME = AppIcon;
				ASSETCATALOG_COMPILER_GLOBAL_ACCENT_COLOR_NAME = AccentColor;
				CODE_SIGN_STYLE = Automatic;
				CURRENT_PROJECT_VERSION = 1;
				DEVELOPMENT_ASSET_PATHS = "\"NeoSim/Preview Content\"";
				DEVELOPMENT_TEAM = Z9LZT27D3M;
				ENABLE_PREVIEWS = YES;
				GENERATE_INFOPLIST_FILE = YES;
				INFOPLIST_FILE = NeoSim/Info.plist;
				INFOPLIST_KEY_CFBundleDisplayName = NeoSim;
				INFOPLIST_KEY_UIApplicationSceneManifest_Generation = YES;
				INFOPLIST_KEY_UIApplicationSupportsIndirectInputEvents = YES;
				INFOPLIST_KEY_UILaunchScreen_Generation = YES;
				INFOPLIST_KEY_UIRequiresFullScreen = YES;
				INFOPLIST_KEY_UISupportedInterfaceOrientations = UIInterfaceOrientationPortrait;
				IPHONEOS_DEPLOYMENT_TARGET = 17.0;
				LD_RUNPATH_SEARCH_PATHS = (
					"$(inherited)",
					"@executable_path/Frameworks",
				);
				MARKETING_VERSION = 1.0;
				PRODUCT_BUNDLE_IDENTIFIER = com.xpn.development.NeoSim;
				PRODUCT_NAME = "$(TARGET_NAME)";
				SUPPORTED_PLATFORMS = "iphoneos iphonesimulator";
				SUPPORTS_MACCATALYST = NO;
				SUPPORTS_MAC_DESIGNED_FOR_IPHONE_IPAD = NO;
				SUPPORTS_XR_DESIGNED_FOR_IPHONE_IPAD = NO;
				SWIFT_EMIT_LOC_STRINGS = YES;
				SWIFT_VERSION = 5.0;
				TARGETED_DEVICE_FAMILY = 1;
			};
			name = Release;
		};
		FF4E93852BD2FB6700AD990A /* Debug */ = {
			isa = XCBuildConfiguration;
			buildSettings = {
				ALWAYS_EMBED_SWIFT_STANDARD_LIBRARIES = YES;
				BUNDLE_LOADER = "$(TEST_HOST)";
				CODE_SIGN_STYLE = Automatic;
				CURRENT_PROJECT_VERSION = 1;
				DEVELOPMENT_TEAM = Z9LZT27D3M;
				GENERATE_INFOPLIST_FILE = YES;
				IPHONEOS_DEPLOYMENT_TARGET = 17.4;
				MARKETING_VERSION = 1.0;
				PRODUCT_BUNDLE_IDENTIFIER = com.xpn.development.NeoSimTests;
				PRODUCT_NAME = "$(TARGET_NAME)";
				SWIFT_EMIT_LOC_STRINGS = NO;
				SWIFT_VERSION = 5.0;
				TARGETED_DEVICE_FAMILY = "1,2";
				TEST_HOST = "$(BUILT_PRODUCTS_DIR)/NeoSim.app/$(BUNDLE_EXECUTABLE_FOLDER_PATH)/NeoSim";
			};
			name = Debug;
		};
		FF4E93862BD2FB6700AD990A /* Release */ = {
			isa = XCBuildConfiguration;
			buildSettings = {
				ALWAYS_EMBED_SWIFT_STANDARD_LIBRARIES = YES;
				BUNDLE_LOADER = "$(TEST_HOST)";
				CODE_SIGN_STYLE = Automatic;
				CURRENT_PROJECT_VERSION = 1;
				DEVELOPMENT_TEAM = Z9LZT27D3M;
				GENERATE_INFOPLIST_FILE = YES;
				IPHONEOS_DEPLOYMENT_TARGET = 17.4;
				MARKETING_VERSION = 1.0;
				PRODUCT_BUNDLE_IDENTIFIER = com.xpn.development.NeoSimTests;
				PRODUCT_NAME = "$(TARGET_NAME)";
				SWIFT_EMIT_LOC_STRINGS = NO;
				SWIFT_VERSION = 5.0;
				TARGETED_DEVICE_FAMILY = "1,2";
				TEST_HOST = "$(BUILT_PRODUCTS_DIR)/NeoSim.app/$(BUNDLE_EXECUTABLE_FOLDER_PATH)/NeoSim";
			};
			name = Release;
		};
		FF4E93882BD2FB6700AD990A /* Debug */ = {
			isa = XCBuildConfiguration;
			buildSettings = {
				ALWAYS_EMBED_SWIFT_STANDARD_LIBRARIES = YES;
				CODE_SIGN_STYLE = Automatic;
				CURRENT_PROJECT_VERSION = 1;
				DEVELOPMENT_TEAM = Z9LZT27D3M;
				GENERATE_INFOPLIST_FILE = YES;
				MARKETING_VERSION = 1.0;
				PRODUCT_BUNDLE_IDENTIFIER = com.xpn.development.NeoSimUITests;
				PRODUCT_NAME = "$(TARGET_NAME)";
				SWIFT_EMIT_LOC_STRINGS = NO;
				SWIFT_VERSION = 5.0;
				TARGETED_DEVICE_FAMILY = "1,2";
				TEST_TARGET_NAME = NeoSim;
			};
			name = Debug;
		};
		FF4E93892BD2FB6700AD990A /* Release */ = {
			isa = XCBuildConfiguration;
			buildSettings = {
				ALWAYS_EMBED_SWIFT_STANDARD_LIBRARIES = YES;
				CODE_SIGN_STYLE = Automatic;
				CURRENT_PROJECT_VERSION = 1;
				DEVELOPMENT_TEAM = Z9LZT27D3M;
				GENERATE_INFOPLIST_FILE = YES;
				MARKETING_VERSION = 1.0;
				PRODUCT_BUNDLE_IDENTIFIER = com.xpn.development.NeoSimUITests;
				PRODUCT_NAME = "$(TARGET_NAME)";
				SWIFT_EMIT_LOC_STRINGS = NO;
				SWIFT_VERSION = 5.0;
				TARGETED_DEVICE_FAMILY = "1,2";
				TEST_TARGET_NAME = NeoSim;
			};
			name = Release;
		};
/* End XCBuildConfiguration section */

/* Begin XCConfigurationList section */
		FF4E93582BD2FB6300AD990A /* Build configuration list for PBXProject "NeoSim" */ = {
			isa = XCConfigurationList;
			buildConfigurations = (
				FF4E937F2BD2FB6700AD990A /* Debug */,
				FF4E93802BD2FB6700AD990A /* Release */,
			);
			defaultConfigurationIsVisible = 0;
			defaultConfigurationName = Release;
		};
		FF4E93812BD2FB6700AD990A /* Build configuration list for PBXNativeTarget "NeoSim" */ = {
			isa = XCConfigurationList;
			buildConfigurations = (
				FF4E93822BD2FB6700AD990A /* Debug */,
				FF4E93832BD2FB6700AD990A /* Release */,
			);
			defaultConfigurationIsVisible = 0;
			defaultConfigurationName = Release;
		};
		FF4E93842BD2FB6700AD990A /* Build configuration list for PBXNativeTarget "NeoSimTests" */ = {
			isa = XCConfigurationList;
			buildConfigurations = (
				FF4E93852BD2FB6700AD990A /* Debug */,
				FF4E93862BD2FB6700AD990A /* Release */,
			);
			defaultConfigurationIsVisible = 0;
			defaultConfigurationName = Release;
		};
		FF4E93872BD2FB6700AD990A /* Build configuration list for PBXNativeTarget "NeoSimUITests" */ = {
			isa = XCConfigurationList;
			buildConfigurations = (
				FF4E93882BD2FB6700AD990A /* Debug */,
				FF4E93892BD2FB6700AD990A /* Release */,
			);
			defaultConfigurationIsVisible = 0;
			defaultConfigurationName = Release;
		};
/* End XCConfigurationList section */

/* Begin XCRemoteSwiftPackageReference section */
		FF4E938C2BD4FC3000AD990A /* XCRemoteSwiftPackageReference "firebase-ios-sdk" */ = {
			isa = XCRemoteSwiftPackageReference;
			repositoryURL = "https://github.com/firebase/firebase-ios-sdk";
			requirement = {
				kind = upToNextMajorVersion;
				minimumVersion = 10.24.0;
			};
		};
		FF4E93AF2BD6611D00AD990A /* XCRemoteSwiftPackageReference "SDWebImageSwiftUI" */ = {
			isa = XCRemoteSwiftPackageReference;
			repositoryURL = "https://github.com/SDWebImage/SDWebImageSwiftUI";
			requirement = {
				kind = upToNextMajorVersion;
				minimumVersion = 3.0.2;
			};
		};
/* End XCRemoteSwiftPackageReference section */

/* Begin XCSwiftPackageProductDependency section */
		FF4E938D2BD4FC3000AD990A /* FirebaseAnalytics */ = {
			isa = XCSwiftPackageProductDependency;
			package = FF4E938C2BD4FC3000AD990A /* XCRemoteSwiftPackageReference "firebase-ios-sdk" */;
			productName = FirebaseAnalytics;
		};
		FF4E938F2BD4FC3000AD990A /* FirebaseAuth */ = {
			isa = XCSwiftPackageProductDependency;
			package = FF4E938C2BD4FC3000AD990A /* XCRemoteSwiftPackageReference "firebase-ios-sdk" */;
			productName = FirebaseAuth;
		};
		FF4E93912BD4FC3000AD990A /* FirebaseFirestore */ = {
			isa = XCSwiftPackageProductDependency;
			package = FF4E938C2BD4FC3000AD990A /* XCRemoteSwiftPackageReference "firebase-ios-sdk" */;
			productName = FirebaseFirestore;
		};
		FF4E93932BD4FC3000AD990A /* FirebaseFirestoreSwift */ = {
			isa = XCSwiftPackageProductDependency;
			package = FF4E938C2BD4FC3000AD990A /* XCRemoteSwiftPackageReference "firebase-ios-sdk" */;
			productName = FirebaseFirestoreSwift;
		};
		FF4E93952BD4FC3000AD990A /* FirebaseFunctions */ = {
			isa = XCSwiftPackageProductDependency;
			package = FF4E938C2BD4FC3000AD990A /* XCRemoteSwiftPackageReference "firebase-ios-sdk" */;
			productName = FirebaseFunctions;
		};
		FF4E93972BD4FC3000AD990A /* FirebaseMessaging */ = {
			isa = XCSwiftPackageProductDependency;
			package = FF4E938C2BD4FC3000AD990A /* XCRemoteSwiftPackageReference "firebase-ios-sdk" */;
			productName = FirebaseMessaging;
		};
		FF4E93992BD4FC3000AD990A /* FirebaseStorage */ = {
			isa = XCSwiftPackageProductDependency;
			package = FF4E938C2BD4FC3000AD990A /* XCRemoteSwiftPackageReference "firebase-ios-sdk" */;
			productName = FirebaseStorage;
		};
		FF4E93B02BD6611D00AD990A /* SDWebImageSwiftUI */ = {
			isa = XCSwiftPackageProductDependency;
			package = FF4E93AF2BD6611D00AD990A /* XCRemoteSwiftPackageReference "SDWebImageSwiftUI" */;
			productName = SDWebImageSwiftUI;
		};
/* End XCSwiftPackageProductDependency section */
	};
	rootObject = FF4E93552BD2FB6300AD990A /* Project object */;
}
